
Microsoft Visual Studio Solution File, Format Version 12.00
# Visual Studio 2013
VisualStudioVersion = 12.0.31101.0
MinimumVisualStudioVersion = 10.0.40219.1
Project("{FAE04EC0-301F-11D3-BF4B-00C04F79EFBC}") = "Scoreboard", "Scoreboard\Scoreboard.csproj", "{ED4DCC60-40BD-459A-8904-C2A19A5D352D}"
EndProject
Project("{FAE04EC0-301F-11D3-BF4B-00C04F79EFBC}") = "Utilities", "Utilities\Utilities.csproj", "{51498C29-4612-4778-ACDF-4529E2E16597}"
EndProject
Global
	GlobalSection(SolutionConfigurationPlatforms) = preSolution
		Debug|Any CPU = Debug|Any CPU
		Release|Any CPU = Release|Any CPU
	EndGlobalSection
	GlobalSection(ProjectConfigurationPlatforms) = postSolution
		{ED4DCC60-40BD-459A-8904-C2A19A5D352D}.Debug|Any CPU.ActiveCfg = Debug|Any CPU
		{ED4DCC60-40BD-459A-8904-C2A19A5D352D}.Debug|Any CPU.Build.0 = Debug|Any CPU
		{ED4DCC60-40BD-459A-8904-C2A19A5D352D}.Release|Any CPU.ActiveCfg = Release|Any CPU
		{ED4DCC60-40BD-459A-8904-C2A19A5D352D}.Release|Any CPU.Build.0 = Release|Any CPU
		{51498C29-4612-4778-ACDF-4529E2E16597}.Debug|Any CPU.ActiveCfg = Debug|Any CPU
		{51498C29-4612-4778-ACDF-4529E2E16597}.Debug|Any CPU.Build.0 = Debug|Any CPU
		{51498C29-4612-4778-ACDF-4529E2E16597}.Release|Any CPU.ActiveCfg = Release|Any CPU
		{51498C29-4612-4778-ACDF-4529E2E16597}.Release|Any CPU.Build.0 = Release|Any CPU
	EndGlobalSection
	GlobalSection(SolutionProperties) = preSolution
		HideSolutionNode = FALSE
	EndGlobalSection
EndGlobal
