
Microsoft Visual Studio Solution File, Format Version 12.00
# Visual Studio Version 16
VisualStudioVersion = 16.0.30002.166
MinimumVisualStudioVersion = 10.0.40219.1
Project("{9A19103F-16F7-4668-BE54-9A1E7A4F7556}") = "Scoreboard", "Scoreboard\Scoreboard.csproj", "{ED4DCC60-40BD-459A-8904-C2A19A5D352D}"
EndProject
Project("{9A19103F-16F7-4668-BE54-9A1E7A4F7556}") = "Utilities", "Utilities\Utilities.csproj", "{51498C29-4612-4778-ACDF-4529E2E16597}"
EndProject
Project("{2150E333-8FDC-42A3-9474-1A3956D46DE8}") = "Solution Items", "Solution Items", "{202FF900-C249-483B-9312-3BA05FCA44BD}"
	ProjectSection(SolutionItems) = preProject
		.editorconfig = .editorconfig
	EndProjectSection
EndProject
Global
	GlobalSection(SolutionConfigurationPlatforms) = preSolution
		Debug|Any CPU = Debug|Any CPU
		Release|Any CPU = Release|Any CPU
	EndGlobalSection
	GlobalSection(ProjectConfigurationPlatforms) = postSolution
		{ED4DCC60-40BD-459A-8904-C2A19A5D352D}.Debug|Any CPU.ActiveCfg = Debug|Any CPU
		{ED4DCC60-40BD-459A-8904-C2A19A5D352D}.Debug|Any CPU.Build.0 = Debug|Any CPU
		{ED4DCC60-40BD-459A-8904-C2A19A5D352D}.Release|Any CPU.ActiveCfg = Release|Any CPU
		{ED4DCC60-40BD-459A-8904-C2A19A5D352D}.Release|Any CPU.Build.0 = Release|Any CPU
		{51498C29-4612-4778-ACDF-4529E2E16597}.Debug|Any CPU.ActiveCfg = Debug|Any CPU
		{51498C29-4612-4778-ACDF-4529E2E16597}.Debug|Any CPU.Build.0 = Debug|Any CPU
		{51498C29-4612-4778-ACDF-4529E2E16597}.Release|Any CPU.ActiveCfg = Release|Any CPU
		{51498C29-4612-4778-ACDF-4529E2E16597}.Release|Any CPU.Build.0 = Release|Any CPU
	EndGlobalSection
	GlobalSection(SolutionProperties) = preSolution
		HideSolutionNode = FALSE
	EndGlobalSection
	GlobalSection(ExtensibilityGlobals) = postSolution
		SolutionGuid = {632AB337-DAFA-4A97-9613-5EF789EAB395}
	EndGlobalSection
EndGlobal
